
Microsoft Visual Studio Solution File, Format Version 12.00
# Visual Studio Version 17
VisualStudioVersion = 17.1.32319.34
MinimumVisualStudioVersion = 10.0.40219.1
Project("{9A19103F-16F7-4668-BE54-9A1E7A4F7556}") = "WebApplication02", "WebApplication02.csproj", "{7BC1F97A-ED28-4F1F-B383-FFDE30A1F624}"
EndProject
Global
	GlobalSection(SolutionConfigurationPlatforms) = preSolution
		Debug|Any CPU = Debug|Any CPU
		Release|Any CPU = Release|Any CPU
	EndGlobalSection
	GlobalSection(ProjectConfigurationPlatforms) = postSolution
		{7BC1F97A-ED28-4F1F-B383-FFDE30A1F624}.Debug|Any CPU.ActiveCfg = Debug|Any CPU
		{7BC1F97A-ED28-4F1F-B383-FFDE30A1F624}.Debug|Any CPU.Build.0 = Debug|Any CPU
		{7BC1F97A-ED28-4F1F-B383-FFDE30A1F624}.Release|Any CPU.ActiveCfg = Release|Any CPU
		{7BC1F97A-ED28-4F1F-B383-FFDE30A1F624}.Release|Any CPU.Build.0 = Release|Any CPU
	EndGlobalSection
	GlobalSection(SolutionProperties) = preSolution
		HideSolutionNode = FALSE
	EndGlobalSection
	GlobalSection(ExtensibilityGlobals) = postSolution
		SolutionGuid = {60602063-2C26-4123-AECB-CFCCB89F65D0}
	EndGlobalSection
EndGlobal
